
Microsoft Visual Studio Solution File, Format Version 12.00
# Visual Studio Version 17
VisualStudioVersion = 17.11.35312.102
MinimumVisualStudioVersion = 10.0.40219.1
Project("{8BC9CEB8-8B4A-11D0-8D11-00A0C91BC942}") = "4.28", "4.28\4.28.vcxproj", "{EE7AB2D0-D138-44C4-81E2-93F7A6A4DBBE}"
EndProject
Global
	GlobalSection(SolutionConfigurationPlatforms) = preSolution
		Debug|x64 = Debug|x64
		Debug|x86 = Debug|x86
		Release|x64 = Release|x64
		Release|x86 = Release|x86
	EndGlobalSection
	GlobalSection(ProjectConfigurationPlatforms) = postSolution
		{EE7AB2D0-D138-44C4-81E2-93F7A6A4DBBE}.Debug|x64.ActiveCfg = Debug|x64
		{EE7AB2D0-D138-44C4-81E2-93F7A6A4DBBE}.Debug|x64.Build.0 = Debug|x64
		{EE7AB2D0-D138-44C4-81E2-93F7A6A4DBBE}.Debug|x86.ActiveCfg = Debug|Win32
		{EE7AB2D0-D138-44C4-81E2-93F7A6A4DBBE}.Debug|x86.Build.0 = Debug|Win32
		{EE7AB2D0-D138-44C4-81E2-93F7A6A4DBBE}.Release|x64.ActiveCfg = Release|x64
		{EE7AB2D0-D138-44C4-81E2-93F7A6A4DBBE}.Release|x64.Build.0 = Release|x64
		{EE7AB2D0-D138-44C4-81E2-93F7A6A4DBBE}.Release|x86.ActiveCfg = Release|Win32
		{EE7AB2D0-D138-44C4-81E2-93F7A6A4DBBE}.Release|x86.Build.0 = Release|Win32
	EndGlobalSection
	GlobalSection(SolutionProperties) = preSolution
		HideSolutionNode = FALSE
	EndGlobalSection
	GlobalSection(ExtensibilityGlobals) = postSolution
		SolutionGuid = {359EBFAD-7E30-4F77-AD3C-2F50E2CBAD22}
	EndGlobalSection
EndGlobal
